
Microsoft Visual Studio Solution File, Format Version 12.00
# Visual Studio 15
VisualStudioVersion = 15.0.26124.0
MinimumVisualStudioVersion = 15.0.26124.0
Project("{FAE04EC0-301F-11D3-BF4B-00C04F79EFBC}") = "Models", "Models\Models.csproj", "{51C139C1-6669-4269-BC56-C223C208E69E}"
EndProject
Project("{FAE04EC0-301F-11D3-BF4B-00C04F79EFBC}") = "Controllers", "Controllers\Controllers.csproj", "{2E4F4F80-1C24-423D-8431-CCCF9495490B}"
EndProject
Project("{FAE04EC0-301F-11D3-BF4B-00C04F79EFBC}") = "Hlp", "Hlp\Hlp.csproj", "{8CE00266-2B4E-43E2-B16F-3C6741A35465}"
EndProject
Project("{FAE04EC0-301F-11D3-BF4B-00C04F79EFBC}") = "App", "App\App.csproj", "{63FB01A3-12B6-4F1F-A068-7DEEA964285E}"
EndProject
Global
	GlobalSection(SolutionConfigurationPlatforms) = preSolution
		Debug|Any CPU = Debug|Any CPU
		Debug|x64 = Debug|x64
		Debug|x86 = Debug|x86
		Release|Any CPU = Release|Any CPU
		Release|x64 = Release|x64
		Release|x86 = Release|x86
	EndGlobalSection
	GlobalSection(SolutionProperties) = preSolution
		HideSolutionNode = FALSE
	EndGlobalSection
	GlobalSection(ProjectConfigurationPlatforms) = postSolution
		{51C139C1-6669-4269-BC56-C223C208E69E}.Debug|Any CPU.ActiveCfg = Debug|Any CPU
		{51C139C1-6669-4269-BC56-C223C208E69E}.Debug|Any CPU.Build.0 = Debug|Any CPU
		{51C139C1-6669-4269-BC56-C223C208E69E}.Debug|x64.ActiveCfg = Debug|Any CPU
		{51C139C1-6669-4269-BC56-C223C208E69E}.Debug|x64.Build.0 = Debug|Any CPU
		{51C139C1-6669-4269-BC56-C223C208E69E}.Debug|x86.ActiveCfg = Debug|Any CPU
		{51C139C1-6669-4269-BC56-C223C208E69E}.Debug|x86.Build.0 = Debug|Any CPU
		{51C139C1-6669-4269-BC56-C223C208E69E}.Release|Any CPU.ActiveCfg = Release|Any CPU
		{51C139C1-6669-4269-BC56-C223C208E69E}.Release|Any CPU.Build.0 = Release|Any CPU
		{51C139C1-6669-4269-BC56-C223C208E69E}.Release|x64.ActiveCfg = Release|Any CPU
		{51C139C1-6669-4269-BC56-C223C208E69E}.Release|x64.Build.0 = Release|Any CPU
		{51C139C1-6669-4269-BC56-C223C208E69E}.Release|x86.ActiveCfg = Release|Any CPU
		{51C139C1-6669-4269-BC56-C223C208E69E}.Release|x86.Build.0 = Release|Any CPU
		{2E4F4F80-1C24-423D-8431-CCCF9495490B}.Debug|Any CPU.ActiveCfg = Debug|Any CPU
		{2E4F4F80-1C24-423D-8431-CCCF9495490B}.Debug|Any CPU.Build.0 = Debug|Any CPU
		{2E4F4F80-1C24-423D-8431-CCCF9495490B}.Debug|x64.ActiveCfg = Debug|Any CPU
		{2E4F4F80-1C24-423D-8431-CCCF9495490B}.Debug|x64.Build.0 = Debug|Any CPU
		{2E4F4F80-1C24-423D-8431-CCCF9495490B}.Debug|x86.ActiveCfg = Debug|Any CPU
		{2E4F4F80-1C24-423D-8431-CCCF9495490B}.Debug|x86.Build.0 = Debug|Any CPU
		{2E4F4F80-1C24-423D-8431-CCCF9495490B}.Release|Any CPU.ActiveCfg = Release|Any CPU
		{2E4F4F80-1C24-423D-8431-CCCF9495490B}.Release|Any CPU.Build.0 = Release|Any CPU
		{2E4F4F80-1C24-423D-8431-CCCF9495490B}.Release|x64.ActiveCfg = Release|Any CPU
		{2E4F4F80-1C24-423D-8431-CCCF9495490B}.Release|x64.Build.0 = Release|Any CPU
		{2E4F4F80-1C24-423D-8431-CCCF9495490B}.Release|x86.ActiveCfg = Release|Any CPU
		{2E4F4F80-1C24-423D-8431-CCCF9495490B}.Release|x86.Build.0 = Release|Any CPU
		{8CE00266-2B4E-43E2-B16F-3C6741A35465}.Debug|Any CPU.ActiveCfg = Debug|Any CPU
		{8CE00266-2B4E-43E2-B16F-3C6741A35465}.Debug|Any CPU.Build.0 = Debug|Any CPU
		{8CE00266-2B4E-43E2-B16F-3C6741A35465}.Debug|x64.ActiveCfg = Debug|Any CPU
		{8CE00266-2B4E-43E2-B16F-3C6741A35465}.Debug|x64.Build.0 = Debug|Any CPU
		{8CE00266-2B4E-43E2-B16F-3C6741A35465}.Debug|x86.ActiveCfg = Debug|Any CPU
		{8CE00266-2B4E-43E2-B16F-3C6741A35465}.Debug|x86.Build.0 = Debug|Any CPU
		{8CE00266-2B4E-43E2-B16F-3C6741A35465}.Release|Any CPU.ActiveCfg = Release|Any CPU
		{8CE00266-2B4E-43E2-B16F-3C6741A35465}.Release|Any CPU.Build.0 = Release|Any CPU
		{8CE00266-2B4E-43E2-B16F-3C6741A35465}.Release|x64.ActiveCfg = Release|Any CPU
		{8CE00266-2B4E-43E2-B16F-3C6741A35465}.Release|x64.Build.0 = Release|Any CPU
		{8CE00266-2B4E-43E2-B16F-3C6741A35465}.Release|x86.ActiveCfg = Release|Any CPU
		{8CE00266-2B4E-43E2-B16F-3C6741A35465}.Release|x86.Build.0 = Release|Any CPU
		{63FB01A3-12B6-4F1F-A068-7DEEA964285E}.Debug|Any CPU.ActiveCfg = Debug|Any CPU
		{63FB01A3-12B6-4F1F-A068-7DEEA964285E}.Debug|Any CPU.Build.0 = Debug|Any CPU
		{63FB01A3-12B6-4F1F-A068-7DEEA964285E}.Debug|x64.ActiveCfg = Debug|Any CPU
		{63FB01A3-12B6-4F1F-A068-7DEEA964285E}.Debug|x64.Build.0 = Debug|Any CPU
		{63FB01A3-12B6-4F1F-A068-7DEEA964285E}.Debug|x86.ActiveCfg = Debug|Any CPU
		{63FB01A3-12B6-4F1F-A068-7DEEA964285E}.Debug|x86.Build.0 = Debug|Any CPU
		{63FB01A3-12B6-4F1F-A068-7DEEA964285E}.Release|Any CPU.ActiveCfg = Release|Any CPU
		{63FB01A3-12B6-4F1F-A068-7DEEA964285E}.Release|Any CPU.Build.0 = Release|Any CPU
		{63FB01A3-12B6-4F1F-A068-7DEEA964285E}.Release|x64.ActiveCfg = Release|Any CPU
		{63FB01A3-12B6-4F1F-A068-7DEEA964285E}.Release|x64.Build.0 = Release|Any CPU
		{63FB01A3-12B6-4F1F-A068-7DEEA964285E}.Release|x86.ActiveCfg = Release|Any CPU
		{63FB01A3-12B6-4F1F-A068-7DEEA964285E}.Release|x86.Build.0 = Release|Any CPU
	EndGlobalSection
EndGlobal
